
Microsoft Visual Studio Solution File, Format Version 12.00
# Visual Studio 15
VisualStudioVersion = 15.0.28010.2016
MinimumVisualStudioVersion = 10.0.40219.1
Project("{888888A0-9F3D-457C-B088-3A5042F75D52}") = "BasicProject", "BasicProject\BasicProject.pyproj", "{5D1C3938-7D38-45B9-8912-173A3B60DEC5}"
EndProject
Global
	GlobalSection(SolutionConfigurationPlatforms) = preSolution
		Debug|Any CPU = Debug|Any CPU
		Release|Any CPU = Release|Any CPU
	EndGlobalSection
	GlobalSection(ProjectConfigurationPlatforms) = postSolution
		{5D1C3938-7D38-45B9-8912-173A3B60DEC5}.Debug|Any CPU.ActiveCfg = Debug|Any CPU
		{5D1C3938-7D38-45B9-8912-173A3B60DEC5}.Debug|Any CPU.Build.0 = Debug|Any CPU
		{5D1C3938-7D38-45B9-8912-173A3B60DEC5}.Release|Any CPU.ActiveCfg = Release|Any CPU
		{5D1C3938-7D38-45B9-8912-173A3B60DEC5}.Release|Any CPU.Build.0 = Release|Any CPU
	EndGlobalSection
	GlobalSection(SolutionProperties) = preSolution
		HideSolutionNode = FALSE
	EndGlobalSection
	GlobalSection(ExtensibilityGlobals) = postSolution
		SolutionGuid = {7AF74ABE-8A9C-4819-B677-EED12C798356}
	EndGlobalSection
EndGlobal
